
Microsoft Visual Studio Solution File, Format Version 12.00
# Visual Studio 15
VisualStudioVersion = 15.0.28307.902
MinimumVisualStudioVersion = 10.0.40219.1
Project("{FAE04EC0-301F-11D3-BF4B-00C04F79EFBC}") = "OdeToFood", "OdeToFood\OdeToFood.csproj", "{992E412B-ABDF-48C9-9486-0FE76989951A}"
EndProject
Project("{FAE04EC0-301F-11D3-BF4B-00C04F79EFBC}") = "OdeToFood.Core", "OdeToFood.Core\OdeToFood.Core.csproj", "{173C9217-702A-4BDE-BA71-D15D2FCDDE51}"
EndProject
Project("{FAE04EC0-301F-11D3-BF4B-00C04F79EFBC}") = "OdeToFood.Data", "OdeToFood.Data\OdeToFood.Data.csproj", "{767D3C93-6EE0-4B80-8419-001D3BF79651}"
EndProject
Global
	GlobalSection(SolutionConfigurationPlatforms) = preSolution
		Debug|Any CPU = Debug|Any CPU
		Release|Any CPU = Release|Any CPU
	EndGlobalSection
	GlobalSection(ProjectConfigurationPlatforms) = postSolution
		{992E412B-ABDF-48C9-9486-0FE76989951A}.Debug|Any CPU.ActiveCfg = Debug|Any CPU
		{992E412B-ABDF-48C9-9486-0FE76989951A}.Debug|Any CPU.Build.0 = Debug|Any CPU
		{992E412B-ABDF-48C9-9486-0FE76989951A}.Release|Any CPU.ActiveCfg = Release|Any CPU
		{992E412B-ABDF-48C9-9486-0FE76989951A}.Release|Any CPU.Build.0 = Release|Any CPU
		{173C9217-702A-4BDE-BA71-D15D2FCDDE51}.Debug|Any CPU.ActiveCfg = Debug|Any CPU
		{173C9217-702A-4BDE-BA71-D15D2FCDDE51}.Debug|Any CPU.Build.0 = Debug|Any CPU
		{173C9217-702A-4BDE-BA71-D15D2FCDDE51}.Release|Any CPU.ActiveCfg = Release|Any CPU
		{173C9217-702A-4BDE-BA71-D15D2FCDDE51}.Release|Any CPU.Build.0 = Release|Any CPU
		{767D3C93-6EE0-4B80-8419-001D3BF79651}.Debug|Any CPU.ActiveCfg = Debug|Any CPU
		{767D3C93-6EE0-4B80-8419-001D3BF79651}.Debug|Any CPU.Build.0 = Debug|Any CPU
		{767D3C93-6EE0-4B80-8419-001D3BF79651}.Release|Any CPU.ActiveCfg = Release|Any CPU
		{767D3C93-6EE0-4B80-8419-001D3BF79651}.Release|Any CPU.Build.0 = Release|Any CPU
	EndGlobalSection
	GlobalSection(SolutionProperties) = preSolution
		HideSolutionNode = FALSE
	EndGlobalSection
	GlobalSection(ExtensibilityGlobals) = postSolution
		SolutionGuid = {32AE982B-0189-4B4D-91D1-F3BFC9290BD5}
	EndGlobalSection
EndGlobal
